{
	"name": "ts-cjs",
	"lockfileVersion": 3,
	"requires": true,
	"packages": {
		"": {
			"name": "ts-cjs",
			"devDependencies": {
				"@rickosborne/foundation": "file://../../foundation/dist",
				"@rickosborne/guard": "file://../../guard/dist",
				"@rickosborne/typical": "file://../../typical/dist",
				"typescript": "5.7.3"
			}
		},
		"../../foundation/dist": {
			"name": "@rickosborne/foundation",
			"version": "2025.1.7",
			"dev": true,
			"license": "CC-BY-NC-SA-4.0",
			"dependencies": {
				"@rickosborne/guard": "2025.1.7",
				"@rickosborne/typical": "2025.1.7"
			},
			"engines": {
				"node": ">=14"
			}
		},
		"../../guard/dist": {
			"name": "@rickosborne/guard",
			"version": "2025.1.7",
			"dev": true,
			"license": "CC-BY-NC-SA-4.0",
			"dependencies": {
				"@rickosborne/typical": "2025.1.7"
			},
			"engines": {
				"node": ">=14"
			}
		},
		"../../typical/dist": {
			"name": "@rickosborne/typical",
			"version": "2025.1.7",
			"dev": true,
			"license": "CC-BY-NC-SA-4.0",
			"engines": {
				"node": ">=14"
			}
		},
		"node_modules/@rickosborne/foundation": {
			"resolved": "../../foundation/dist",
			"link": true
		},
		"node_modules/@rickosborne/guard": {
			"resolved": "../../guard/dist",
			"link": true
		},
		"node_modules/@rickosborne/typical": {
			"resolved": "../../typical/dist",
			"link": true
		},
		"node_modules/typescript": {
			"version": "5.7.3",
			"resolved": "https://registry.npmjs.org/typescript/-/typescript-5.7.3.tgz",
			"integrity": "sha512-84MVSjMEHP+FQRPy3pX9sTVV/INIex71s9TL2Gm5FG/WG1SqXeKyZ0k7/blY/4FdOzI12CBy1vGc4og/eus0fw==",
			"dev": true,
			"license": "Apache-2.0",
			"bin": {
				"tsc": "bin/tsc",
				"tsserver": "bin/tsserver"
			},
			"engines": {
				"node": ">=14.17"
			}
		}
	}
}
