{
	"name": "@rickosborne/foundation",
	"version": "2024.12.26",
	"lockfileVersion": 3,
	"requires": true,
	"packages": {
		"": {
			"name": "@rickosborne/foundation",
			"version": "2024.12.26",
			"license": "CC-BY-NC-SA-4.0",
			"dependencies": {
				"@rickosborne/guard": "2024.12.25",
				"@rickosborne/typical": "2024.12.26"
			},
			"engines": {
				"node": ">=14"
			}
		},
		"../guard": {
			"name": "@rickosborne/guard",
			"version": "2024.12.25",
			"license": "CC-BY-NC-SA-4.0",
			"dependencies": {
				"@rickosborne/typical": "2024.12.26"
			},
			"engines": {
				"node": ">=14"
			}
		},
		"../typical": {
			"name": "@rickosborne/typical",
			"version": "2024.12.26",
			"license": "CC-BY-NC-SA-4.0",
			"devDependencies": {},
			"engines": {
				"node": ">=14"
			}
		},
		"node_modules/@rickosborne/guard": {
			"resolved": "../guard",
			"link": true
		},
		"node_modules/@rickosborne/typical": {
			"resolved": "../typical",
			"link": true
		}
	}
}
