{
	"name": "@rickosborne/import-test",
	"version": "2024.12.24",
	"lockfileVersion": 3,
	"requires": true,
	"packages": {
		"": {
			"name": "@rickosborne/import-test",
			"version": "2024.12.24",
			"license": "CC-BY-NC-SA-4.0",
			"dependencies": {
				"@rickosborne/foundation": "2024.12.26",
				"@rickosborne/guard": "2024.12.25",
				"@rickosborne/typical": "2024.12.26"
			},
			"devDependencies": {
				"typescript": "5.7.2"
			},
			"engines": {
				"node": ">=14"
			}
		},
		"node_modules/@rickosborne/foundation": {
			"version": "2024.12.26",
			"resolved": "https://registry.npmjs.org/@rickosborne/foundation/-/foundation-2024.12.26.tgz",
			"integrity": "sha512-GeL5wBeUgt0ky1r3ohC9Xtdw1CqF39ejlk4B0WSa7Gl+4PHmJnpI73QFbqm1LMURsgtvU8rRmSFz8V2kUVuggw==",
			"license": "CC-BY-NC-SA-4.0",
			"dependencies": {
				"@rickosborne/guard": "2024.12.25",
				"@rickosborne/typical": "2024.12.26"
			},
			"engines": {
				"node": ">=14"
			}
		},
		"node_modules/@rickosborne/guard": {
			"version": "2024.12.25",
			"resolved": "https://registry.npmjs.org/@rickosborne/guard/-/guard-2024.12.25.tgz",
			"integrity": "sha512-tI3z39G9l6lMDh5L3AJQU+BLmuoX3s3Vqk+ShGAYf8q1j70Y/Yb+SsBmndJUTkJiiFLo/9zUz3DA+ZZuerMIsA==",
			"license": "CC-BY-NC-SA-4.0",
			"dependencies": {
				"@rickosborne/typical": "2024.12.26"
			},
			"engines": {
				"node": ">=14"
			}
		},
		"node_modules/@rickosborne/typical": {
			"version": "2024.12.26",
			"resolved": "https://registry.npmjs.org/@rickosborne/typical/-/typical-2024.12.26.tgz",
			"integrity": "sha512-fMRA0NXQ2DBwd9Xl2y49j5O9OhrO7MjlKevcJRAzSqbhIJr4/d04zv/qLcz8CFDgNpKpR3h4gtSSIpc/X5QSyA==",
			"license": "CC-BY-NC-SA-4.0",
			"engines": {
				"node": ">=14"
			}
		},
		"node_modules/typescript": {
			"version": "5.7.2",
			"resolved": "https://registry.npmjs.org/typescript/-/typescript-5.7.2.tgz",
			"integrity": "sha512-i5t66RHxDvVN40HfDd1PsEThGNnlMCMT3jMUuoh9/0TaqWevNontacunWyN02LA9/fIbEWlcHZcgTKb9QoaLfg==",
			"dev": true,
			"license": "Apache-2.0",
			"bin": {
				"tsc": "bin/tsc",
				"tsserver": "bin/tsserver"
			},
			"engines": {
				"node": ">=14.17"
			}
		}
	}
}
