{
	"name": "@rickosborne/foundation",
	"version": "2024.12.24",
	"lockfileVersion": 3,
	"requires": true,
	"packages": {
		"": {
			"name": "@rickosborne/foundation",
			"version": "2024.12.24",
			"license": "CC-BY-NC-SA-4.0",
			"engines": {
				"node": ">=14"
			}
		},
		"../typical": {
			"name": "@rickosborne/typical",
			"version": "2024.12.24",
			"extraneous": true,
			"license": "CC-BY-NC-SA-4.0",
			"devDependencies": {},
			"engines": {
				"node": ">=14"
			}
		}
	}
}
